// !$*UTF8*$!
{
	archiveVersion = 1;
	classes = {
	};
	objectVersion = 48;
	objects = {

/* Begin PBXBuildFile section */
		570A623F20469E280087E6AC /* MenuTitle.swift in Sources */ = {isa = PBXBuildFile; fileRef = 570A623E20469E280087E6AC /* MenuTitle.swift */; };
		5738735B2045A1FC004B13D3 /* DataModel.swift in Sources */ = {isa = PBXBuildFile; fileRef = 5738735A2045A1FC004B13D3 /* DataModel.swift */; };
		573CE1C72046BBBB00EC5DB3 /* MenuCell.xib in Resources */ = {isa = PBXBuildFile; fileRef = 573CE1C92046BBBB00EC5DB3 /* MenuCell.xib */; };
		573CE1CC2046D30600EC5DB3 /* ViewHelper.swift in Sources */ = {isa = PBXBuildFile; fileRef = 573CE1CB2046D30600EC5DB3 /* ViewHelper.swift */; };
		5755A8AC203EBE6800555610 /* AppDelegate.swift in Sources */ = {isa = PBXBuildFile; fileRef = 5755A8AB203EBE6800555610 /* AppDelegate.swift */; };
		5755A8AE203EBE6800555610 /* MasterViewController.swift in Sources */ = {isa = PBXBuildFile; fileRef = 5755A8AD203EBE6800555610 /* MasterViewController.swift */; };
		5755A8B0203EBE6800555610 /* DetailViewController.swift in Sources */ = {isa = PBXBuildFile; fileRef = 5755A8AF203EBE6800555610 /* DetailViewController.swift */; };
		5755A8B3203EBE6800555610 /* Main.storyboard in Resources */ = {isa = PBXBuildFile; fileRef = 5755A8B1203EBE6800555610 /* Main.storyboard */; };
		5755A8B5203EBE6800555610 /* Assets.xcassets in Resources */ = {isa = PBXBuildFile; fileRef = 5755A8B4203EBE6800555610 /* Assets.xcassets */; };
		5755A8B8203EBE6800555610 /* LaunchScreen.storyboard in Resources */ = {isa = PBXBuildFile; fileRef = 5755A8B6203EBE6800555610 /* LaunchScreen.storyboard */; };
		5755A8C3203EBE6800555610 /* Football_Manager_WonderkidsTests.swift in Sources */ = {isa = PBXBuildFile; fileRef = 5755A8C2203EBE6800555610 /* Football_Manager_WonderkidsTests.swift */; };
		5755A8CE203EBE6800555610 /* Football_Manager_WonderkidsUITests.swift in Sources */ = {isa = PBXBuildFile; fileRef = 5755A8CD203EBE6800555610 /* Football_Manager_WonderkidsUITests.swift */; };
		578E217720459A8900E319F9 /* playerSeed.json in Resources */ = {isa = PBXBuildFile; fileRef = 578E217620459A8900E319F9 /* playerSeed.json */; };
		57B96A162046BA4E00226B12 /* OpenSans-SemiBold.ttf in Resources */ = {isa = PBXBuildFile; fileRef = 57B96A0B2046BA4E00226B12 /* OpenSans-SemiBold.ttf */; };
		57B96A172046BA4E00226B12 /* OpenSans-Light.ttf in Resources */ = {isa = PBXBuildFile; fileRef = 57B96A0C2046BA4E00226B12 /* OpenSans-Light.ttf */; };
		57B96A182046BA4E00226B12 /* OpenSans-Italic.ttf in Resources */ = {isa = PBXBuildFile; fileRef = 57B96A0D2046BA4E00226B12 /* OpenSans-Italic.ttf */; };
		57B96A192046BA4E00226B12 /* OpenSans-ExtraBold.ttf in Resources */ = {isa = PBXBuildFile; fileRef = 57B96A0E2046BA4E00226B12 /* OpenSans-ExtraBold.ttf */; };
		57B96A1A2046BA4E00226B12 /* OpenSans-LightItalic.ttf in Resources */ = {isa = PBXBuildFile; fileRef = 57B96A0F2046BA4E00226B12 /* OpenSans-LightItalic.ttf */; };
		57B96A1B2046BA4E00226B12 /* OpenSans-Bold.ttf in Resources */ = {isa = PBXBuildFile; fileRef = 57B96A102046BA4E00226B12 /* OpenSans-Bold.ttf */; };
		57B96A1C2046BA4E00226B12 /* OpenSans-SemiBoldItalic.ttf in Resources */ = {isa = PBXBuildFile; fileRef = 57B96A112046BA4E00226B12 /* OpenSans-SemiBoldItalic.ttf */; };
		57B96A1D2046BA4E00226B12 /* OpenSans-ExtraBoldItalic.ttf in Resources */ = {isa = PBXBuildFile; fileRef = 57B96A122046BA4E00226B12 /* OpenSans-ExtraBoldItalic.ttf */; };
		57B96A1E2046BA4E00226B12 /* LICENSE.txt in Resources */ = {isa = PBXBuildFile; fileRef = 57B96A132046BA4E00226B12 /* LICENSE.txt */; };
		57B96A1F2046BA4E00226B12 /* OpenSans-Regular.ttf in Resources */ = {isa = PBXBuildFile; fileRef = 57B96A142046BA4E00226B12 /* OpenSans-Regular.ttf */; };
		57B96A202046BA4E00226B12 /* OpenSans-BoldItalic.ttf in Resources */ = {isa = PBXBuildFile; fileRef = 57B96A152046BA4E00226B12 /* OpenSans-BoldItalic.ttf */; };
		57BEDE27203F0499001A32DB /* Player.swift in Sources */ = {isa = PBXBuildFile; fileRef = 57BEDE26203F0499001A32DB /* Player.swift */; };
		57D99DDA2045B7A700DD2392 /* MenuTableViewCell.swift in Sources */ = {isa = PBXBuildFile; fileRef = 57D99DD92045B7A700DD2392 /* MenuTableViewCell.swift */; };
/* End PBXBuildFile section */

/* Begin PBXContainerItemProxy section */
		5755A8BF203EBE6800555610 /* PBXContainerItemProxy */ = {
			isa = PBXContainerItemProxy;
			containerPortal = 5755A8A0203EBE6800555610 /* Project object */;
			proxyType = 1;
			remoteGlobalIDString = 5755A8A7203EBE6800555610;
			remoteInfo = "Football Manager Wonderkids";
		};
		5755A8CA203EBE6800555610 /* PBXContainerItemProxy */ = {
			isa = PBXContainerItemProxy;
			containerPortal = 5755A8A0203EBE6800555610 /* Project object */;
			proxyType = 1;
			remoteGlobalIDString = 5755A8A7203EBE6800555610;
			remoteInfo = "Football Manager Wonderkids";
		};
/* End PBXContainerItemProxy section */

/* Begin PBXFileReference section */
		570A623E20469E280087E6AC /* MenuTitle.swift */ = {isa = PBXFileReference; lastKnownFileType = sourcecode.swift; path = MenuTitle.swift; sourceTree = "<group>"; };
		5738735A2045A1FC004B13D3 /* DataModel.swift */ = {isa = PBXFileReference; lastKnownFileType = sourcecode.swift; path = DataModel.swift; sourceTree = "<group>"; };
		573CE1C82046BBBB00EC5DB3 /* Base */ = {isa = PBXFileReference; lastKnownFileType = file.xib; name = Base; path = Base.lproj/MenuCell.xib; sourceTree = "<group>"; };
		573CE1CB2046D30600EC5DB3 /* ViewHelper.swift */ = {isa = PBXFileReference; lastKnownFileType = sourcecode.swift; path = ViewHelper.swift; sourceTree = "<group>"; };
		5755A8A8203EBE6800555610 /* Football Manager Wonderkids.app */ = {isa = PBXFileReference; explicitFileType = wrapper.application; includeInIndex = 0; path = "Football Manager Wonderkids.app"; sourceTree = BUILT_PRODUCTS_DIR; };
		5755A8AB203EBE6800555610 /* AppDelegate.swift */ = {isa = PBXFileReference; lastKnownFileType = sourcecode.swift; path = AppDelegate.swift; sourceTree = "<group>"; };
		5755A8AD203EBE6800555610 /* MasterViewController.swift */ = {isa = PBXFileReference; lastKnownFileType = sourcecode.swift; path = MasterViewController.swift; sourceTree = "<group>"; };
		5755A8AF203EBE6800555610 /* DetailViewController.swift */ = {isa = PBXFileReference; lastKnownFileType = sourcecode.swift; path = DetailViewController.swift; sourceTree = "<group>"; };
		5755A8B2203EBE6800555610 /* Base */ = {isa = PBXFileReference; lastKnownFileType = file.storyboard; name = Base; path = Base.lproj/Main.storyboard; sourceTree = "<group>"; };
		5755A8B4203EBE6800555610 /* Assets.xcassets */ = {isa = PBXFileReference; lastKnownFileType = folder.assetcatalog; path = Assets.xcassets; sourceTree = "<group>"; };
		5755A8B7203EBE6800555610 /* Base */ = {isa = PBXFileReference; lastKnownFileType = file.storyboard; name = Base; path = Base.lproj/LaunchScreen.storyboard; sourceTree = "<group>"; };
		5755A8B9203EBE6800555610 /* Info.plist */ = {isa = PBXFileReference; lastKnownFileType = text.plist.xml; path = Info.plist; sourceTree = "<group>"; };
		5755A8BE203EBE6800555610 /* Football Manager WonderkidsTests.xctest */ = {isa = PBXFileReference; explicitFileType = wrapper.cfbundle; includeInIndex = 0; path = "Football Manager WonderkidsTests.xctest"; sourceTree = BUILT_PRODUCTS_DIR; };
		5755A8C2203EBE6800555610 /* Football_Manager_WonderkidsTests.swift */ = {isa = PBXFileReference; lastKnownFileType = sourcecode.swift; path = Football_Manager_WonderkidsTests.swift; sourceTree = "<group>"; };
		5755A8C4203EBE6800555610 /* Info.plist */ = {isa = PBXFileReference; lastKnownFileType = text.plist.xml; path = Info.plist; sourceTree = "<group>"; };
		5755A8C9203EBE6800555610 /* Football Manager WonderkidsUITests.xctest */ = {isa = PBXFileReference; explicitFileType = wrapper.cfbundle; includeInIndex = 0; path = "Football Manager WonderkidsUITests.xctest"; sourceTree = BUILT_PRODUCTS_DIR; };
		5755A8CD203EBE6800555610 /* Football_Manager_WonderkidsUITests.swift */ = {isa = PBXFileReference; lastKnownFileType = sourcecode.swift; path = Football_Manager_WonderkidsUITests.swift; sourceTree = "<group>"; };
		5755A8CF203EBE6800555610 /* Info.plist */ = {isa = PBXFileReference; lastKnownFileType = text.plist.xml; path = Info.plist; sourceTree = "<group>"; };
		578E217620459A8900E319F9 /* playerSeed.json */ = {isa = PBXFileReference; fileEncoding = 4; lastKnownFileType = text.json; path = playerSeed.json; sourceTree = "<group>"; };
		57B96A0B2046BA4E00226B12 /* OpenSans-SemiBold.ttf */ = {isa = PBXFileReference; lastKnownFileType = file; path = "OpenSans-SemiBold.ttf"; sourceTree = "<group>"; };
		57B96A0C2046BA4E00226B12 /* OpenSans-Light.ttf */ = {isa = PBXFileReference; lastKnownFileType = file; path = "OpenSans-Light.ttf"; sourceTree = "<group>"; };
		57B96A0D2046BA4E00226B12 /* OpenSans-Italic.ttf */ = {isa = PBXFileReference; lastKnownFileType = file; path = "OpenSans-Italic.ttf"; sourceTree = "<group>"; };
		57B96A0E2046BA4E00226B12 /* OpenSans-ExtraBold.ttf */ = {isa = PBXFileReference; lastKnownFileType = file; path = "OpenSans-ExtraBold.ttf"; sourceTree = "<group>"; };
		57B96A0F2046BA4E00226B12 /* OpenSans-LightItalic.ttf */ = {isa = PBXFileReference; lastKnownFileType = file; path = "OpenSans-LightItalic.ttf"; sourceTree = "<group>"; };
		57B96A102046BA4E00226B12 /* OpenSans-Bold.ttf */ = {isa = PBXFileReference; lastKnownFileType = file; path = "OpenSans-Bold.ttf"; sourceTree = "<group>"; };
		57B96A112046BA4E00226B12 /* OpenSans-SemiBoldItalic.ttf */ = {isa = PBXFileReference; lastKnownFileType = file; path = "OpenSans-SemiBoldItalic.ttf"; sourceTree = "<group>"; };
		57B96A122046BA4E00226B12 /* OpenSans-ExtraBoldItalic.ttf */ = {isa = PBXFileReference; lastKnownFileType = file; path = "OpenSans-ExtraBoldItalic.ttf"; sourceTree = "<group>"; };
		57B96A132046BA4E00226B12 /* LICENSE.txt */ = {isa = PBXFileReference; fileEncoding = 4; lastKnownFileType = text; path = LICENSE.txt; sourceTree = "<group>"; };
		57B96A142046BA4E00226B12 /* OpenSans-Regular.ttf */ = {isa = PBXFileReference; lastKnownFileType = file; path = "OpenSans-Regular.ttf"; sourceTree = "<group>"; };
		57B96A152046BA4E00226B12 /* OpenSans-BoldItalic.ttf */ = {isa = PBXFileReference; lastKnownFileType = file; path = "OpenSans-BoldItalic.ttf"; sourceTree = "<group>"; };
		57BEDE26203F0499001A32DB /* Player.swift */ = {isa = PBXFileReference; lastKnownFileType = sourcecode.swift; path = Player.swift; sourceTree = "<group>"; };
		57D99DD92045B7A700DD2392 /* MenuTableViewCell.swift */ = {isa = PBXFileReference; lastKnownFileType = sourcecode.swift; path = MenuTableViewCell.swift; sourceTree = "<group>"; };
/* End PBXFileReference section */

/* Begin PBXFrameworksBuildPhase section */
		5755A8A5203EBE6800555610 /* Frameworks */ = {
			isa = PBXFrameworksBuildPhase;
			buildActionMask = 2147483647;
			files = (
			);
			runOnlyForDeploymentPostprocessing = 0;
		};
		5755A8BB203EBE6800555610 /* Frameworks */ = {
			isa = PBXFrameworksBuildPhase;
			buildActionMask = 2147483647;
			files = (
			);
			runOnlyForDeploymentPostprocessing = 0;
		};
		5755A8C6203EBE6800555610 /* Frameworks */ = {
			isa = PBXFrameworksBuildPhase;
			buildActionMask = 2147483647;
			files = (
			);
			runOnlyForDeploymentPostprocessing = 0;
		};
/* End PBXFrameworksBuildPhase section */

/* Begin PBXGroup section */
		573CE1CA2046D2FA00EC5DB3 /* Helper */ = {
			isa = PBXGroup;
			children = (
				573CE1CB2046D30600EC5DB3 /* ViewHelper.swift */,
			);
			path = Helper;
			sourceTree = "<group>";
		};
		573CE1CD2046DE4C00EC5DB3 /* Models */ = {
			isa = PBXGroup;
			children = (
				578E217620459A8900E319F9 /* playerSeed.json */,
				57BEDE26203F0499001A32DB /* Player.swift */,
				570A623E20469E280087E6AC /* MenuTitle.swift */,
				5738735A2045A1FC004B13D3 /* DataModel.swift */,
			);
			path = Models;
			sourceTree = "<group>";
		};
		5755A89F203EBE6800555610 = {
			isa = PBXGroup;
			children = (
				57B96A0A2046BA4E00226B12 /* Open_Sans */,
				5755A8AA203EBE6800555610 /* Football Manager Wonderkids */,
				5755A8C1203EBE6800555610 /* Football Manager WonderkidsTests */,
				5755A8CC203EBE6800555610 /* Football Manager WonderkidsUITests */,
				5755A8A9203EBE6800555610 /* Products */,
			);
			sourceTree = "<group>";
		};
		5755A8A9203EBE6800555610 /* Products */ = {
			isa = PBXGroup;
			children = (
				5755A8A8203EBE6800555610 /* Football Manager Wonderkids.app */,
				5755A8BE203EBE6800555610 /* Football Manager WonderkidsTests.xctest */,
				5755A8C9203EBE6800555610 /* Football Manager WonderkidsUITests.xctest */,
			);
			name = Products;
			sourceTree = "<group>";
		};
		5755A8AA203EBE6800555610 /* Football Manager Wonderkids */ = {
			isa = PBXGroup;
			children = (
				573CE1CD2046DE4C00EC5DB3 /* Models */,
				573CE1CA2046D2FA00EC5DB3 /* Helper */,
				5755A8AB203EBE6800555610 /* AppDelegate.swift */,
				5755A8AD203EBE6800555610 /* MasterViewController.swift */,
				5755A8AF203EBE6800555610 /* DetailViewController.swift */,
				5755A8B1203EBE6800555610 /* Main.storyboard */,
				5755A8B4203EBE6800555610 /* Assets.xcassets */,
				5755A8B6203EBE6800555610 /* LaunchScreen.storyboard */,
				5755A8B9203EBE6800555610 /* Info.plist */,
				57D99DDB2045B94100DD2392 /* Cells */,
			);
			path = "Football Manager Wonderkids";
			sourceTree = "<group>";
		};
		5755A8C1203EBE6800555610 /* Football Manager WonderkidsTests */ = {
			isa = PBXGroup;
			children = (
				5755A8C2203EBE6800555610 /* Football_Manager_WonderkidsTests.swift */,
				5755A8C4203EBE6800555610 /* Info.plist */,
			);
			path = "Football Manager WonderkidsTests";
			sourceTree = "<group>";
		};
		5755A8CC203EBE6800555610 /* Football Manager WonderkidsUITests */ = {
			isa = PBXGroup;
			children = (
				5755A8CD203EBE6800555610 /* Football_Manager_WonderkidsUITests.swift */,
				5755A8CF203EBE6800555610 /* Info.plist */,
			);
			path = "Football Manager WonderkidsUITests";
			sourceTree = "<group>";
		};
		57B96A0A2046BA4E00226B12 /* Open_Sans */ = {
			isa = PBXGroup;
			children = (
				57B96A0B2046BA4E00226B12 /* OpenSans-SemiBold.ttf */,
				57B96A0C2046BA4E00226B12 /* OpenSans-Light.ttf */,
				57B96A0D2046BA4E00226B12 /* OpenSans-Italic.ttf */,
				57B96A0E2046BA4E00226B12 /* OpenSans-ExtraBold.ttf */,
				57B96A0F2046BA4E00226B12 /* OpenSans-LightItalic.ttf */,
				57B96A102046BA4E00226B12 /* OpenSans-Bold.ttf */,
				57B96A112046BA4E00226B12 /* OpenSans-SemiBoldItalic.ttf */,
				57B96A122046BA4E00226B12 /* OpenSans-ExtraBoldItalic.ttf */,
				57B96A132046BA4E00226B12 /* LICENSE.txt */,
				57B96A142046BA4E00226B12 /* OpenSans-Regular.ttf */,
				57B96A152046BA4E00226B12 /* OpenSans-BoldItalic.ttf */,
			);
			path = Open_Sans;
			sourceTree = "<group>";
		};
		57D99DDB2045B94100DD2392 /* Cells */ = {
			isa = PBXGroup;
			children = (
				57D99DD92045B7A700DD2392 /* MenuTableViewCell.swift */,
				573CE1C92046BBBB00EC5DB3 /* MenuCell.xib */,
			);
			path = Cells;
			sourceTree = "<group>";
		};
/* End PBXGroup section */

/* Begin PBXNativeTarget section */
		5755A8A7203EBE6800555610 /* Football Manager Wonderkids */ = {
			isa = PBXNativeTarget;
			buildConfigurationList = 5755A8D2203EBE6800555610 /* Build configuration list for PBXNativeTarget "Football Manager Wonderkids" */;
			buildPhases = (
				5755A8A4203EBE6800555610 /* Sources */,
				5755A8A5203EBE6800555610 /* Frameworks */,
				5755A8A6203EBE6800555610 /* Resources */,
			);
			buildRules = (
			);
			dependencies = (
			);
			name = "Football Manager Wonderkids";
			productName = "Football Manager Wonderkids";
			productReference = 5755A8A8203EBE6800555610 /* Football Manager Wonderkids.app */;
			productType = "com.apple.product-type.application";
		};
		5755A8BD203EBE6800555610 /* Football Manager WonderkidsTests */ = {
			isa = PBXNativeTarget;
			buildConfigurationList = 5755A8D5203EBE6800555610 /* Build configuration list for PBXNativeTarget "Football Manager WonderkidsTests" */;
			buildPhases = (
				5755A8BA203EBE6800555610 /* Sources */,
				5755A8BB203EBE6800555610 /* Frameworks */,
				5755A8BC203EBE6800555610 /* Resources */,
			);
			buildRules = (
			);
			dependencies = (
				5755A8C0203EBE6800555610 /* PBXTargetDependency */,
			);
			name = "Football Manager WonderkidsTests";
			productName = "Football Manager WonderkidsTests";
			productReference = 5755A8BE203EBE6800555610 /* Football Manager WonderkidsTests.xctest */;
			productType = "com.apple.product-type.bundle.unit-test";
		};
		5755A8C8203EBE6800555610 /* Football Manager WonderkidsUITests */ = {
			isa = PBXNativeTarget;
			buildConfigurationList = 5755A8D8203EBE6800555610 /* Build configuration list for PBXNativeTarget "Football Manager WonderkidsUITests" */;
			buildPhases = (
				5755A8C5203EBE6800555610 /* Sources */,
				5755A8C6203EBE6800555610 /* Frameworks */,
				5755A8C7203EBE6800555610 /* Resources */,
			);
			buildRules = (
			);
			dependencies = (
				5755A8CB203EBE6800555610 /* PBXTargetDependency */,
			);
			name = "Football Manager WonderkidsUITests";
			productName = "Football Manager WonderkidsUITests";
			productReference = 5755A8C9203EBE6800555610 /* Football Manager WonderkidsUITests.xctest */;
			productType = "com.apple.product-type.bundle.ui-testing";
		};
/* End PBXNativeTarget section */

/* Begin PBXProject section */
		5755A8A0203EBE6800555610 /* Project object */ = {
			isa = PBXProject;
			attributes = {
				LastSwiftUpdateCheck = 0920;
				LastUpgradeCheck = 0920;
				ORGANIZATIONNAME = "Izzy Ali";
				TargetAttributes = {
					5755A8A7203EBE6800555610 = {
						CreatedOnToolsVersion = 9.2;
						ProvisioningStyle = Automatic;
					};
					5755A8BD203EBE6800555610 = {
						CreatedOnToolsVersion = 9.2;
						ProvisioningStyle = Automatic;
						TestTargetID = 5755A8A7203EBE6800555610;
					};
					5755A8C8203EBE6800555610 = {
						CreatedOnToolsVersion = 9.2;
						ProvisioningStyle = Automatic;
						TestTargetID = 5755A8A7203EBE6800555610;
					};
				};
			};
			buildConfigurationList = 5755A8A3203EBE6800555610 /* Build configuration list for PBXProject "Football Manager Wonderkids" */;
			compatibilityVersion = "Xcode 8.0";
			developmentRegion = en;
			hasScannedForEncodings = 0;
			knownRegions = (
				en,
				Base,
			);
			mainGroup = 5755A89F203EBE6800555610;
			productRefGroup = 5755A8A9203EBE6800555610 /* Products */;
			projectDirPath = "";
			projectRoot = "";
			targets = (
				5755A8A7203EBE6800555610 /* Football Manager Wonderkids */,
				5755A8BD203EBE6800555610 /* Football Manager WonderkidsTests */,
				5755A8C8203EBE6800555610 /* Football Manager WonderkidsUITests */,
			);
		};
/* End PBXProject section */

/* Begin PBXResourcesBuildPhase section */
		5755A8A6203EBE6800555610 /* Resources */ = {
			isa = PBXResourcesBuildPhase;
			buildActionMask = 2147483647;
			files = (
				57B96A1C2046BA4E00226B12 /* OpenSans-SemiBoldItalic.ttf in Resources */,
				57B96A1B2046BA4E00226B12 /* OpenSans-Bold.ttf in Resources */,
				5755A8B8203EBE6800555610 /* LaunchScreen.storyboard in Resources */,
				57B96A182046BA4E00226B12 /* OpenSans-Italic.ttf in Resources */,
				57B96A192046BA4E00226B12 /* OpenSans-ExtraBold.ttf in Resources */,
				578E217720459A8900E319F9 /* playerSeed.json in Resources */,
				57B96A1E2046BA4E00226B12 /* LICENSE.txt in Resources */,
				57B96A1A2046BA4E00226B12 /* OpenSans-LightItalic.ttf in Resources */,
				57B96A172046BA4E00226B12 /* OpenSans-Light.ttf in Resources */,
				573CE1C72046BBBB00EC5DB3 /* MenuCell.xib in Resources */,
				57B96A1F2046BA4E00226B12 /* OpenSans-Regular.ttf in Resources */,
				57B96A1D2046BA4E00226B12 /* OpenSans-ExtraBoldItalic.ttf in Resources */,
				5755A8B5203EBE6800555610 /* Assets.xcassets in Resources */,
				57B96A162046BA4E00226B12 /* OpenSans-SemiBold.ttf in Resources */,
				57B96A202046BA4E00226B12 /* OpenSans-BoldItalic.ttf in Resources */,
				5755A8B3203EBE6800555610 /* Main.storyboard in Resources */,
			);
			runOnlyForDeploymentPostprocessing = 0;
		};
		5755A8BC203EBE6800555610 /* Resources */ = {
			isa = PBXResourcesBuildPhase;
			buildActionMask = 2147483647;
			files = (
			);
			runOnlyForDeploymentPostprocessing = 0;
		};
		5755A8C7203EBE6800555610 /* Resources */ = {
			isa = PBXResourcesBuildPhase;
			buildActionMask = 2147483647;
			files = (
			);
			runOnlyForDeploymentPostprocessing = 0;
		};
/* End PBXResourcesBuildPhase section */

/* Begin PBXSourcesBuildPhase section */
		5755A8A4203EBE6800555610 /* Sources */ = {
			isa = PBXSourcesBuildPhase;
			buildActionMask = 2147483647;
			files = (
				570A623F20469E280087E6AC /* MenuTitle.swift in Sources */,
				5738735B2045A1FC004B13D3 /* DataModel.swift in Sources */,
				57BEDE27203F0499001A32DB /* Player.swift in Sources */,
				57D99DDA2045B7A700DD2392 /* MenuTableViewCell.swift in Sources */,
				5755A8B0203EBE6800555610 /* DetailViewController.swift in Sources */,
				5755A8AE203EBE6800555610 /* MasterViewController.swift in Sources */,
				573CE1CC2046D30600EC5DB3 /* ViewHelper.swift in Sources */,
				5755A8AC203EBE6800555610 /* AppDelegate.swift in Sources */,
			);
			runOnlyForDeploymentPostprocessing = 0;
		};
		5755A8BA203EBE6800555610 /* Sources */ = {
			isa = PBXSourcesBuildPhase;
			buildActionMask = 2147483647;
			files = (
				5755A8C3203EBE6800555610 /* Football_Manager_WonderkidsTests.swift in Sources */,
			);
			runOnlyForDeploymentPostprocessing = 0;
		};
		5755A8C5203EBE6800555610 /* Sources */ = {
			isa = PBXSourcesBuildPhase;
			buildActionMask = 2147483647;
			files = (
				5755A8CE203EBE6800555610 /* Football_Manager_WonderkidsUITests.swift in Sources */,
			);
			runOnlyForDeploymentPostprocessing = 0;
		};
/* End PBXSourcesBuildPhase section */

/* Begin PBXTargetDependency section */
		5755A8C0203EBE6800555610 /* PBXTargetDependency */ = {
			isa = PBXTargetDependency;
			target = 5755A8A7203EBE6800555610 /* Football Manager Wonderkids */;
			targetProxy = 5755A8BF203EBE6800555610 /* PBXContainerItemProxy */;
		};
		5755A8CB203EBE6800555610 /* PBXTargetDependency */ = {
			isa = PBXTargetDependency;
			target = 5755A8A7203EBE6800555610 /* Football Manager Wonderkids */;
			targetProxy = 5755A8CA203EBE6800555610 /* PBXContainerItemProxy */;
		};
/* End PBXTargetDependency section */

/* Begin PBXVariantGroup section */
		573CE1C92046BBBB00EC5DB3 /* MenuCell.xib */ = {
			isa = PBXVariantGroup;
			children = (
				573CE1C82046BBBB00EC5DB3 /* Base */,
			);
			name = MenuCell.xib;
			sourceTree = "<group>";
		};
		5755A8B1203EBE6800555610 /* Main.storyboard */ = {
			isa = PBXVariantGroup;
			children = (
				5755A8B2203EBE6800555610 /* Base */,
			);
			name = Main.storyboard;
			sourceTree = "<group>";
		};
		5755A8B6203EBE6800555610 /* LaunchScreen.storyboard */ = {
			isa = PBXVariantGroup;
			children = (
				5755A8B7203EBE6800555610 /* Base */,
			);
			name = LaunchScreen.storyboard;
			sourceTree = "<group>";
		};
/* End PBXVariantGroup section */

/* Begin XCBuildConfiguration section */
		5755A8D0203EBE6800555610 /* Debug */ = {
			isa = XCBuildConfiguration;
			buildSettings = {
				ALWAYS_SEARCH_USER_PATHS = NO;
				CLANG_ANALYZER_NONNULL = YES;
				CLANG_ANALYZER_NUMBER_OBJECT_CONVERSION = YES_AGGRESSIVE;
				CLANG_CXX_LANGUAGE_STANDARD = "gnu++14";
				CLANG_CXX_LIBRARY = "libc++";
				CLANG_ENABLE_MODULES = YES;
				CLANG_ENABLE_OBJC_ARC = YES;
				CLANG_WARN_BLOCK_CAPTURE_AUTORELEASING = YES;
				CLANG_WARN_BOOL_CONVERSION = YES;
				CLANG_WARN_COMMA = YES;
				CLANG_WARN_CONSTANT_CONVERSION = YES;
				CLANG_WARN_DIRECT_OBJC_ISA_USAGE = YES_ERROR;
				CLANG_WARN_DOCUMENTATION_COMMENTS = YES;
				CLANG_WARN_EMPTY_BODY = YES;
				CLANG_WARN_ENUM_CONVERSION = YES;
				CLANG_WARN_INFINITE_RECURSION = YES;
				CLANG_WARN_INT_CONVERSION = YES;
				CLANG_WARN_NON_LITERAL_NULL_CONVERSION = YES;
				CLANG_WARN_OBJC_LITERAL_CONVERSION = YES;
				CLANG_WARN_OBJC_ROOT_CLASS = YES_ERROR;
				CLANG_WARN_RANGE_LOOP_ANALYSIS = YES;
				CLANG_WARN_STRICT_PROTOTYPES = YES;
				CLANG_WARN_SUSPICIOUS_MOVE = YES;
				CLANG_WARN_UNGUARDED_AVAILABILITY = YES_AGGRESSIVE;
				CLANG_WARN_UNREACHABLE_CODE = YES;
				CLANG_WARN__DUPLICATE_METHOD_MATCH = YES;
				CODE_SIGN_IDENTITY = "iPhone Developer";
				COPY_PHASE_STRIP = NO;
				DEBUG_INFORMATION_FORMAT = dwarf;
				ENABLE_STRICT_OBJC_MSGSEND = YES;
				ENABLE_TESTABILITY = YES;
				GCC_C_LANGUAGE_STANDARD = gnu11;
				GCC_DYNAMIC_NO_PIC = NO;
				GCC_NO_COMMON_BLOCKS = YES;
				GCC_OPTIMIZATION_LEVEL = 0;
				GCC_PREPROCESSOR_DEFINITIONS = (
					"DEBUG=1",
					"$(inherited)",
				);
				GCC_WARN_64_TO_32_BIT_CONVERSION = YES;
				GCC_WARN_ABOUT_RETURN_TYPE = YES_ERROR;
				GCC_WARN_UNDECLARED_SELECTOR = YES;
				GCC_WARN_UNINITIALIZED_AUTOS = YES_AGGRESSIVE;
				GCC_WARN_UNUSED_FUNCTION = YES;
				GCC_WARN_UNUSED_VARIABLE = YES;
				IPHONEOS_DEPLOYMENT_TARGET = 11.2;
				MTL_ENABLE_DEBUG_INFO = YES;
				ONLY_ACTIVE_ARCH = YES;
				SDKROOT = iphoneos;
				SWIFT_ACTIVE_COMPILATION_CONDITIONS = DEBUG;
				SWIFT_OPTIMIZATION_LEVEL = "-Onone";
			};
			name = Debug;
		};
		5755A8D1203EBE6800555610 /* Release */ = {
			isa = XCBuildConfiguration;
			buildSettings = {
				ALWAYS_SEARCH_USER_PATHS = NO;
				CLANG_ANALYZER_NONNULL = YES;
				CLANG_ANALYZER_NUMBER_OBJECT_CONVERSION = YES_AGGRESSIVE;
				CLANG_CXX_LANGUAGE_STANDARD = "gnu++14";
				CLANG_CXX_LIBRARY = "libc++";
				CLANG_ENABLE_MODULES = YES;
				CLANG_ENABLE_OBJC_ARC = YES;
				CLANG_WARN_BLOCK_CAPTURE_AUTORELEASING = YES;
				CLANG_WARN_BOOL_CONVERSION = YES;
				CLANG_WARN_COMMA = YES;
				CLANG_WARN_CONSTANT_CONVERSION = YES;
				CLANG_WARN_DIRECT_OBJC_ISA_USAGE = YES_ERROR;
				CLANG_WARN_DOCUMENTATION_COMMENTS = YES;
				CLANG_WARN_EMPTY_BODY = YES;
				CLANG_WARN_ENUM_CONVERSION = YES;
				CLANG_WARN_INFINITE_RECURSION = YES;
				CLANG_WARN_INT_CONVERSION = YES;
				CLANG_WARN_NON_LITERAL_NULL_CONVERSION = YES;
				CLANG_WARN_OBJC_LITERAL_CONVERSION = YES;
				CLANG_WARN_OBJC_ROOT_CLASS = YES_ERROR;
				CLANG_WARN_RANGE_LOOP_ANALYSIS = YES;
				CLANG_WARN_STRICT_PROTOTYPES = YES;
				CLANG_WARN_SUSPICIOUS_MOVE = YES;
				CLANG_WARN_UNGUARDED_AVAILABILITY = YES_AGGRESSIVE;
				CLANG_WARN_UNREACHABLE_CODE = YES;
				CLANG_WARN__DUPLICATE_METHOD_MATCH = YES;
				CODE_SIGN_IDENTITY = "iPhone Developer";
				COPY_PHASE_STRIP = NO;
				DEBUG_INFORMATION_FORMAT = "dwarf-with-dsym";
				ENABLE_NS_ASSERTIONS = NO;
				ENABLE_STRICT_OBJC_MSGSEND = YES;
				GCC_C_LANGUAGE_STANDARD = gnu11;
				GCC_NO_COMMON_BLOCKS = YES;
				GCC_WARN_64_TO_32_BIT_CONVERSION = YES;
				GCC_WARN_ABOUT_RETURN_TYPE = YES_ERROR;
				GCC_WARN_UNDECLARED_SELECTOR = YES;
				GCC_WARN_UNINITIALIZED_AUTOS = YES_AGGRESSIVE;
				GCC_WARN_UNUSED_FUNCTION = YES;
				GCC_WARN_UNUSED_VARIABLE = YES;
				IPHONEOS_DEPLOYMENT_TARGET = 11.2;
				MTL_ENABLE_DEBUG_INFO = NO;
				SDKROOT = iphoneos;
				SWIFT_OPTIMIZATION_LEVEL = "-Owholemodule";
				VALIDATE_PRODUCT = YES;
			};
			name = Release;
		};
		5755A8D3203EBE6800555610 /* Debug */ = {
			isa = XCBuildConfiguration;
			buildSettings = {
				ASSETCATALOG_COMPILER_APPICON_NAME = AppIcon;
				CODE_SIGN_STYLE = Automatic;
				DEVELOPMENT_TEAM = VZ2738TJ98;
				INFOPLIST_FILE = "Football Manager Wonderkids/Info.plist";
				IPHONEOS_DEPLOYMENT_TARGET = 11.0;
				LD_RUNPATH_SEARCH_PATHS = "$(inherited) @executable_path/Frameworks";
				PRODUCT_BUNDLE_IDENTIFIER = uk.co.izzyali.footballmanagerwonderkids;
				PRODUCT_NAME = "$(TARGET_NAME)";
				SWIFT_VERSION = 4.0;
				TARGETED_DEVICE_FAMILY = "1,2";
			};
			name = Debug;
		};
		5755A8D4203EBE6800555610 /* Release */ = {
			isa = XCBuildConfiguration;
			buildSettings = {
				ASSETCATALOG_COMPILER_APPICON_NAME = AppIcon;
				CODE_SIGN_STYLE = Automatic;
				DEVELOPMENT_TEAM = VZ2738TJ98;
				INFOPLIST_FILE = "Football Manager Wonderkids/Info.plist";
				IPHONEOS_DEPLOYMENT_TARGET = 11.0;
				LD_RUNPATH_SEARCH_PATHS = "$(inherited) @executable_path/Frameworks";
				PRODUCT_BUNDLE_IDENTIFIER = uk.co.izzyali.footballmanagerwonderkids;
				PRODUCT_NAME = "$(TARGET_NAME)";
				SWIFT_VERSION = 4.0;
				TARGETED_DEVICE_FAMILY = "1,2";
			};
			name = Release;
		};
		5755A8D6203EBE6800555610 /* Debug */ = {
			isa = XCBuildConfiguration;
			buildSettings = {
				ALWAYS_EMBED_SWIFT_STANDARD_LIBRARIES = YES;
				BUNDLE_LOADER = "$(TEST_HOST)";
				CODE_SIGN_STYLE = Automatic;
				DEVELOPMENT_TEAM = VZ2738TJ98;
				INFOPLIST_FILE = "Football Manager WonderkidsTests/Info.plist";
				LD_RUNPATH_SEARCH_PATHS = "$(inherited) @executable_path/Frameworks @loader_path/Frameworks";
				PRODUCT_BUNDLE_IDENTIFIER = "uk.co.izzyali.footballmanagerwonderkids.Football-Manager-WonderkidsTests";
				PRODUCT_NAME = "$(TARGET_NAME)";
				SWIFT_VERSION = 4.0;
				TARGETED_DEVICE_FAMILY = "1,2";
				TEST_HOST = "$(BUILT_PRODUCTS_DIR)/Football Manager Wonderkids.app/Football Manager Wonderkids";
			};
			name = Debug;
		};
		5755A8D7203EBE6800555610 /* Release */ = {
			isa = XCBuildConfiguration;
			buildSettings = {
				ALWAYS_EMBED_SWIFT_STANDARD_LIBRARIES = YES;
				BUNDLE_LOADER = "$(TEST_HOST)";
				CODE_SIGN_STYLE = Automatic;
				DEVELOPMENT_TEAM = VZ2738TJ98;
				INFOPLIST_FILE = "Football Manager WonderkidsTests/Info.plist";
				LD_RUNPATH_SEARCH_PATHS = "$(inherited) @executable_path/Frameworks @loader_path/Frameworks";
				PRODUCT_BUNDLE_IDENTIFIER = "uk.co.izzyali.footballmanagerwonderkids.Football-Manager-WonderkidsTests";
				PRODUCT_NAME = "$(TARGET_NAME)";
				SWIFT_VERSION = 4.0;
				TARGETED_DEVICE_FAMILY = "1,2";
				TEST_HOST = "$(BUILT_PRODUCTS_DIR)/Football Manager Wonderkids.app/Football Manager Wonderkids";
			};
			name = Release;
		};
		5755A8D9203EBE6800555610 /* Debug */ = {
			isa = XCBuildConfiguration;
			buildSettings = {
				ALWAYS_EMBED_SWIFT_STANDARD_LIBRARIES = YES;
				CODE_SIGN_STYLE = Automatic;
				DEVELOPMENT_TEAM = VZ2738TJ98;
				INFOPLIST_FILE = "Football Manager WonderkidsUITests/Info.plist";
				LD_RUNPATH_SEARCH_PATHS = "$(inherited) @executable_path/Frameworks @loader_path/Frameworks";
				PRODUCT_BUNDLE_IDENTIFIER = "uk.co.izzyali.footballmanagerwonderkids.Football-Manager-WonderkidsUITests";
				PRODUCT_NAME = "$(TARGET_NAME)";
				SWIFT_VERSION = 4.0;
				TARGETED_DEVICE_FAMILY = "1,2";
				TEST_TARGET_NAME = "Football Manager Wonderkids";
			};
			name = Debug;
		};
		5755A8DA203EBE6800555610 /* Release */ = {
			isa = XCBuildConfiguration;
			buildSettings = {
				ALWAYS_EMBED_SWIFT_STANDARD_LIBRARIES = YES;
				CODE_SIGN_STYLE = Automatic;
				DEVELOPMENT_TEAM = VZ2738TJ98;
				INFOPLIST_FILE = "Football Manager WonderkidsUITests/Info.plist";
				LD_RUNPATH_SEARCH_PATHS = "$(inherited) @executable_path/Frameworks @loader_path/Frameworks";
				PRODUCT_BUNDLE_IDENTIFIER = "uk.co.izzyali.footballmanagerwonderkids.Football-Manager-WonderkidsUITests";
				PRODUCT_NAME = "$(TARGET_NAME)";
				SWIFT_VERSION = 4.0;
				TARGETED_DEVICE_FAMILY = "1,2";
				TEST_TARGET_NAME = "Football Manager Wonderkids";
			};
			name = Release;
		};
/* End XCBuildConfiguration section */

/* Begin XCConfigurationList section */
		5755A8A3203EBE6800555610 /* Build configuration list for PBXProject "Football Manager Wonderkids" */ = {
			isa = XCConfigurationList;
			buildConfigurations = (
				5755A8D0203EBE6800555610 /* Debug */,
				5755A8D1203EBE6800555610 /* Release */,
			);
			defaultConfigurationIsVisible = 0;
			defaultConfigurationName = Release;
		};
		5755A8D2203EBE6800555610 /* Build configuration list for PBXNativeTarget "Football Manager Wonderkids" */ = {
			isa = XCConfigurationList;
			buildConfigurations = (
				5755A8D3203EBE6800555610 /* Debug */,
				5755A8D4203EBE6800555610 /* Release */,
			);
			defaultConfigurationIsVisible = 0;
			defaultConfigurationName = Release;
		};
		5755A8D5203EBE6800555610 /* Build configuration list for PBXNativeTarget "Football Manager WonderkidsTests" */ = {
			isa = XCConfigurationList;
			buildConfigurations = (
				5755A8D6203EBE6800555610 /* Debug */,
				5755A8D7203EBE6800555610 /* Release */,
			);
			defaultConfigurationIsVisible = 0;
			defaultConfigurationName = Release;
		};
		5755A8D8203EBE6800555610 /* Build configuration list for PBXNativeTarget "Football Manager WonderkidsUITests" */ = {
			isa = XCConfigurationList;
			buildConfigurations = (
				5755A8D9203EBE6800555610 /* Debug */,
				5755A8DA203EBE6800555610 /* Release */,
			);
			defaultConfigurationIsVisible = 0;
			defaultConfigurationName = Release;
		};
/* End XCConfigurationList section */
	};
	rootObject = 5755A8A0203EBE6800555610 /* Project object */;
}
